
Microsoft Visual Studio Solution File, Format Version 12.00
# Visual Studio Version 17
VisualStudioVersion = 17.8.34525.116
MinimumVisualStudioVersion = 10.0.40219.1
Project("{8BC9CEB8-8B4A-11D0-8D11-00A0C91BC942}") = "GhostThread", "GhostThread.vcxproj", "{54563F8D-58CB-4FE4-9235-1D0654EB7859}"
EndProject
Global
	GlobalSection(SolutionConfigurationPlatforms) = preSolution
		Debug|ARM64 = Debug|ARM64
		Debug|x64 = Debug|x64
		Debug|x86 = Debug|x86
		Release|ARM64 = Release|ARM64
		Release|x64 = Release|x64
		Release|x86 = Release|x86
	EndGlobalSection
	GlobalSection(ProjectConfigurationPlatforms) = postSolution
		{54563F8D-58CB-4FE4-9235-1D0654EB7859}.Debug|ARM64.ActiveCfg = Debug|ARM64
		{54563F8D-58CB-4FE4-9235-1D0654EB7859}.Debug|ARM64.Build.0 = Debug|ARM64
		{54563F8D-58CB-4FE4-9235-1D0654EB7859}.Debug|x64.ActiveCfg = Debug|x64
		{54563F8D-58CB-4FE4-9235-1D0654EB7859}.Debug|x64.Build.0 = Debug|x64
		{54563F8D-58CB-4FE4-9235-1D0654EB7859}.Debug|x86.ActiveCfg = Debug|Win32
		{54563F8D-58CB-4FE4-9235-1D0654EB7859}.Debug|x86.Build.0 = Debug|Win32
		{54563F8D-58CB-4FE4-9235-1D0654EB7859}.Release|ARM64.ActiveCfg = Release|ARM64
		{54563F8D-58CB-4FE4-9235-1D0654EB7859}.Release|ARM64.Build.0 = Release|ARM64
		{54563F8D-58CB-4FE4-9235-1D0654EB7859}.Release|x64.ActiveCfg = Release|x64
		{54563F8D-58CB-4FE4-9235-1D0654EB7859}.Release|x64.Build.0 = Release|x64
		{54563F8D-58CB-4FE4-9235-1D0654EB7859}.Release|x86.ActiveCfg = Release|Win32
		{54563F8D-58CB-4FE4-9235-1D0654EB7859}.Release|x86.Build.0 = Release|Win32
	EndGlobalSection
	GlobalSection(SolutionProperties) = preSolution
		HideSolutionNode = FALSE
	EndGlobalSection
	GlobalSection(ExtensibilityGlobals) = postSolution
		SolutionGuid = {0D709118-A3E6-49B4-9290-75015A9F798F}
	EndGlobalSection
EndGlobal
